{
  "name": "aws-core-utils",
  "version": "8.1.3",
  "lockfileVersion": 1,
  "requires": true,
  "dependencies": {
    "core-functions": {
      "version": "3.0.25",
      "resolved": "https://registry.npmjs.org/core-functions/-/core-functions-3.0.25.tgz",
      "integrity": "sha512-AxbSic27nPnLnnuNqw5LhauyQTugWxza49gM94fwQirDg+npvODngO5WvXBnEPGhgviy8hAg30TDeaGaW80yLw=="
    },
    "deep-equal": {
      "version": "1.0.1",
      "resolved": "https://registry.npmjs.org/deep-equal/-/deep-equal-1.0.1.tgz",
      "integrity": "sha1-9dJgKStmDghO/0zbyfCK0yR0SLU="
    },
    "logging-utils": {
      "version": "4.0.25",
      "resolved": "https://registry.npmjs.org/logging-utils/-/logging-utils-4.0.25.tgz",
      "integrity": "sha512-V03wNgmz7RqJuqui6/gWhkbmkvcbUCRbyOBczmd7hXs4ytyY5e7SoGz6AYBgyuYjh3QTm1/iU9iPchLwqJq3iA==",
      "requires": {
        "core-functions": "3.0.25"
      }
    }
  }
}
