{
  "name": "aws-core-utils",
  "version": "7.1.1",
  "lockfileVersion": 1,
  "requires": true,
  "dependencies": {
    "core-functions": {
      "version": "3.0.22",
      "resolved": "https://registry.npmjs.org/core-functions/-/core-functions-3.0.22.tgz",
      "integrity": "sha512-rmD31+d1sqo9C/VgdDTbuctvvDxgiZx/On+7A0orFLl8+u0jDETNP+yK+PaylKuUYt/iibBka/cByqmksziDbQ=="
    },
    "deep-equal": {
      "version": "1.0.1",
      "resolved": "https://registry.npmjs.org/deep-equal/-/deep-equal-1.0.1.tgz",
      "integrity": "sha1-9dJgKStmDghO/0zbyfCK0yR0SLU="
    },
    "logging-utils": {
      "version": "4.0.22",
      "resolved": "https://registry.npmjs.org/logging-utils/-/logging-utils-4.0.22.tgz",
      "integrity": "sha512-kynrn9Tii8yFCfnDDtC2FIjbhNsthg7fpnbfsKKTE/CTPUuDLwsmghouFhO4UWgX7avwpYePbnkLha97zdLLbw==",
      "requires": {
        "core-functions": "3.0.22"
      }
    }
  }
}
