{
  "name": "aws-core-utils",
  "version": "8.1.2",
  "lockfileVersion": 1,
  "requires": true,
  "dependencies": {
    "core-functions": {
      "version": "3.0.24",
      "resolved": "https://registry.npmjs.org/core-functions/-/core-functions-3.0.24.tgz",
      "integrity": "sha512-eCrk8iygIRMg7tCVTS2prBlGIVXXWCfenfdzJ1Z8h4fW6dqxGrgxN4f6wQ2loXf7mC9FIGXvOBzlkPWUpkZbHw=="
    },
    "deep-equal": {
      "version": "1.0.1",
      "resolved": "https://registry.npmjs.org/deep-equal/-/deep-equal-1.0.1.tgz",
      "integrity": "sha1-9dJgKStmDghO/0zbyfCK0yR0SLU="
    },
    "logging-utils": {
      "version": "4.0.24",
      "resolved": "https://registry.npmjs.org/logging-utils/-/logging-utils-4.0.24.tgz",
      "integrity": "sha512-K+Mt6b7lY1h8fwC0wnRUy9YZK7ZNkOzNG4mbprLfn4gyaRq22nvSx1RjYKrhXw1utQwrqxZQ/P15AoQZpkNalQ==",
      "requires": {
        "core-functions": "3.0.24"
      }
    }
  }
}
